
Microsoft Visual Studio Solution File, Format Version 12.00
# Visual Studio Version 16
VisualStudioVersion = 16.0.34407.143
MinimumVisualStudioVersion = 10.0.40219.1
Project("{FAE04EC0-301F-11D3-BF4B-00C04F79EFBC}") = "Package Express", "Package Express\Package Express.csproj", "{4C0E3EDF-16E8-498A-B7A3-80E9CA2C1A31}"
EndProject
Global
	GlobalSection(SolutionConfigurationPlatforms) = preSolution
		Debug|Any CPU = Debug|Any CPU
		Release|Any CPU = Release|Any CPU
	EndGlobalSection
	GlobalSection(ProjectConfigurationPlatforms) = postSolution
		{4C0E3EDF-16E8-498A-B7A3-80E9CA2C1A31}.Debug|Any CPU.ActiveCfg = Debug|Any CPU
		{4C0E3EDF-16E8-498A-B7A3-80E9CA2C1A31}.Debug|Any CPU.Build.0 = Debug|Any CPU
		{4C0E3EDF-16E8-498A-B7A3-80E9CA2C1A31}.Release|Any CPU.ActiveCfg = Release|Any CPU
		{4C0E3EDF-16E8-498A-B7A3-80E9CA2C1A31}.Release|Any CPU.Build.0 = Release|Any CPU
	EndGlobalSection
	GlobalSection(SolutionProperties) = preSolution
		HideSolutionNode = FALSE
	EndGlobalSection
	GlobalSection(ExtensibilityGlobals) = postSolution
		SolutionGuid = {40D8F2C6-6E65-48FB-A69D-6251D6EFD562}
	EndGlobalSection
EndGlobal
